
Microsoft Visual Studio Solution File, Format Version 12.00
# Visual Studio Version 17
VisualStudioVersion = 17.6.33815.320
MinimumVisualStudioVersion = 10.0.40219.1
Project("{9A19103F-16F7-4668-BE54-9A1E7A4F7556}") = "TransportLinesManager", "TransportLinesManager.csproj", "{3F345C94-6B63-4D8F-8A12-E1EBDAE831F3}"
EndProject
Project("{FAE04EC0-301F-11D3-BF4B-00C04F79EFBC}") = "TLM2WE", "TLM2WE\TLM2WE.csproj", "{EA437BB0-2A55-42C5-8196-F82DA4479C3B}"
EndProject
Global
	GlobalSection(SolutionConfigurationPlatforms) = preSolution
		Debug|Any CPU = Debug|Any CPU
		Release|Any CPU = Release|Any CPU
	EndGlobalSection
	GlobalSection(ProjectConfigurationPlatforms) = postSolution
		{3F345C94-6B63-4D8F-8A12-E1EBDAE831F3}.Debug|Any CPU.ActiveCfg = Debug|Any CPU
		{3F345C94-6B63-4D8F-8A12-E1EBDAE831F3}.Debug|Any CPU.Build.0 = Debug|Any CPU
		{3F345C94-6B63-4D8F-8A12-E1EBDAE831F3}.Release|Any CPU.ActiveCfg = Release|Any CPU
		{3F345C94-6B63-4D8F-8A12-E1EBDAE831F3}.Release|Any CPU.Build.0 = Release|Any CPU
		{EA437BB0-2A55-42C5-8196-F82DA4479C3B}.Debug|Any CPU.ActiveCfg = Debug|Any CPU
		{EA437BB0-2A55-42C5-8196-F82DA4479C3B}.Debug|Any CPU.Build.0 = Debug|Any CPU
		{EA437BB0-2A55-42C5-8196-F82DA4479C3B}.Release|Any CPU.ActiveCfg = Release|Any CPU
		{EA437BB0-2A55-42C5-8196-F82DA4479C3B}.Release|Any CPU.Build.0 = Release|Any CPU
	EndGlobalSection
	GlobalSection(SolutionProperties) = preSolution
		HideSolutionNode = FALSE
	EndGlobalSection
	GlobalSection(ExtensibilityGlobals) = postSolution
		SolutionGuid = {94563E77-87C1-4164-8217-9998086FF2DB}
	EndGlobalSection
EndGlobal
